
Microsoft Visual Studio Solution File, Format Version 12.00
# Visual Studio Version 16
VisualStudioVersion = 16.0.31105.61
MinimumVisualStudioVersion = 10.0.40219.1
Project("{9A19103F-16F7-4668-BE54-9A1E7A4F7556}") = "Business", "Business\Business.csproj", "{8A551493-04B9-48C3-BB73-3C7AC7ACACDD}"
EndProject
Project("{9A19103F-16F7-4668-BE54-9A1E7A4F7556}") = "Core", "Core\Core.csproj", "{143A3C06-F2F5-4573-A6A9-42E6C1CB65F9}"
EndProject
Project("{9A19103F-16F7-4668-BE54-9A1E7A4F7556}") = "DataAccess", "DataAccess\DataAccess.csproj", "{6ABDF2D2-2379-4C5F-A379-53138458719E}"
EndProject
Project("{9A19103F-16F7-4668-BE54-9A1E7A4F7556}") = "Entities", "Entities\Entities.csproj", "{E631F67C-C868-431B-9E94-72F3AC8761B8}"
EndProject
Project("{9A19103F-16F7-4668-BE54-9A1E7A4F7556}") = "WebAPI", "WebAPI\WebAPI.csproj", "{76AF0C43-EACE-46CF-A69F-9D923BEAEFEF}"
EndProject
Project("{FAE04EC0-301F-11D3-BF4B-00C04F79EFBC}") = "TestProject", "TestProject\TestProject.csproj", "{DFD47D70-50CE-42B4-9C34-65871AAFD2FB}"
EndProject
Global
	GlobalSection(SolutionConfigurationPlatforms) = preSolution
		Debug|Any CPU = Debug|Any CPU
		Release|Any CPU = Release|Any CPU
	EndGlobalSection
	GlobalSection(ProjectConfigurationPlatforms) = postSolution
		{8A551493-04B9-48C3-BB73-3C7AC7ACACDD}.Debug|Any CPU.ActiveCfg = Debug|Any CPU
		{8A551493-04B9-48C3-BB73-3C7AC7ACACDD}.Debug|Any CPU.Build.0 = Debug|Any CPU
		{8A551493-04B9-48C3-BB73-3C7AC7ACACDD}.Release|Any CPU.ActiveCfg = Release|Any CPU
		{8A551493-04B9-48C3-BB73-3C7AC7ACACDD}.Release|Any CPU.Build.0 = Release|Any CPU
		{143A3C06-F2F5-4573-A6A9-42E6C1CB65F9}.Debug|Any CPU.ActiveCfg = Debug|Any CPU
		{143A3C06-F2F5-4573-A6A9-42E6C1CB65F9}.Debug|Any CPU.Build.0 = Debug|Any CPU
		{143A3C06-F2F5-4573-A6A9-42E6C1CB65F9}.Release|Any CPU.ActiveCfg = Release|Any CPU
		{143A3C06-F2F5-4573-A6A9-42E6C1CB65F9}.Release|Any CPU.Build.0 = Release|Any CPU
		{6ABDF2D2-2379-4C5F-A379-53138458719E}.Debug|Any CPU.ActiveCfg = Debug|Any CPU
		{6ABDF2D2-2379-4C5F-A379-53138458719E}.Debug|Any CPU.Build.0 = Debug|Any CPU
		{6ABDF2D2-2379-4C5F-A379-53138458719E}.Release|Any CPU.ActiveCfg = Release|Any CPU
		{6ABDF2D2-2379-4C5F-A379-53138458719E}.Release|Any CPU.Build.0 = Release|Any CPU
		{E631F67C-C868-431B-9E94-72F3AC8761B8}.Debug|Any CPU.ActiveCfg = Debug|Any CPU
		{E631F67C-C868-431B-9E94-72F3AC8761B8}.Debug|Any CPU.Build.0 = Debug|Any CPU
		{E631F67C-C868-431B-9E94-72F3AC8761B8}.Release|Any CPU.ActiveCfg = Release|Any CPU
		{E631F67C-C868-431B-9E94-72F3AC8761B8}.Release|Any CPU.Build.0 = Release|Any CPU
		{76AF0C43-EACE-46CF-A69F-9D923BEAEFEF}.Debug|Any CPU.ActiveCfg = Debug|Any CPU
		{76AF0C43-EACE-46CF-A69F-9D923BEAEFEF}.Debug|Any CPU.Build.0 = Debug|Any CPU
		{76AF0C43-EACE-46CF-A69F-9D923BEAEFEF}.Release|Any CPU.ActiveCfg = Release|Any CPU
		{76AF0C43-EACE-46CF-A69F-9D923BEAEFEF}.Release|Any CPU.Build.0 = Release|Any CPU
		{DFD47D70-50CE-42B4-9C34-65871AAFD2FB}.Debug|Any CPU.ActiveCfg = Debug|Any CPU
		{DFD47D70-50CE-42B4-9C34-65871AAFD2FB}.Debug|Any CPU.Build.0 = Debug|Any CPU
		{DFD47D70-50CE-42B4-9C34-65871AAFD2FB}.Release|Any CPU.ActiveCfg = Release|Any CPU
		{DFD47D70-50CE-42B4-9C34-65871AAFD2FB}.Release|Any CPU.Build.0 = Release|Any CPU
	EndGlobalSection
	GlobalSection(SolutionProperties) = preSolution
		HideSolutionNode = FALSE
	EndGlobalSection
	GlobalSection(ExtensibilityGlobals) = postSolution
		SolutionGuid = {0C70BEBB-A5DD-4398-A0A0-EB2CD81F76BC}
	EndGlobalSection
EndGlobal
